
Microsoft Visual Studio Solution File, Format Version 12.00
# Visual Studio 15
VisualStudioVersion = 15.0.26430.12
MinimumVisualStudioVersion = 10.0.40219.1
Project("{151D2E53-A2C4-4D7D-83FE-D05416EBD58E}") = "West.Infrastructure.Azure.TestProd", "West.Infrastructure.Azure.TestProd.deployproj", "{044A442A-A41F-4BB5-BB38-0F88C74BEFEB}"
EndProject
Global
	GlobalSection(SolutionConfigurationPlatforms) = preSolution
		Debug|Any CPU = Debug|Any CPU
		Release|Any CPU = Release|Any CPU
	EndGlobalSection
	GlobalSection(ProjectConfigurationPlatforms) = postSolution
		{044A442A-A41F-4BB5-BB38-0F88C74BEFEB}.Debug|Any CPU.ActiveCfg = Debug|Any CPU
		{044A442A-A41F-4BB5-BB38-0F88C74BEFEB}.Debug|Any CPU.Build.0 = Debug|Any CPU
		{044A442A-A41F-4BB5-BB38-0F88C74BEFEB}.Release|Any CPU.ActiveCfg = Release|Any CPU
		{044A442A-A41F-4BB5-BB38-0F88C74BEFEB}.Release|Any CPU.Build.0 = Release|Any CPU
	EndGlobalSection
	GlobalSection(SolutionProperties) = preSolution
		HideSolutionNode = FALSE
	EndGlobalSection
EndGlobal
